
Microsoft Visual Studio Solution File, Format Version 12.00
# Visual Studio 2013
VisualStudioVersion = 12.0.31101.0
MinimumVisualStudioVersion = 10.0.40219.1
Project("{D954291E-2A0B-460D-934E-DC6B0785DB48}") = "Phoneword_Shared", "Phoneword_Shared\Phoneword_Shared\Phoneword_Shared.shproj", "{4F530231-A455-41B9-B9FA-7D538B83AFFF}"
EndProject
Project("{FAE04EC0-301F-11D3-BF4B-00C04F79EFBC}") = "Phoneword_Shared.WinPhone", "Phoneword_Shared\Phoneword_Shared.WinPhone\Phoneword_Shared.WinPhone.csproj", "{2B2D399D-3A8F-46C8-9245-DA02C440014A}"
EndProject
Project("{FAE04EC0-301F-11D3-BF4B-00C04F79EFBC}") = "Phoneword_Shared.iOS", "Phoneword_Shared\Phoneword_Shared.iOS\Phoneword_Shared.iOS.csproj", "{CFAF9926-248D-4F7A-8545-C6B69678F92C}"
EndProject
Project("{FAE04EC0-301F-11D3-BF4B-00C04F79EFBC}") = "Phoneword_Shared.Droid", "Phoneword_Shared\Phoneword_Shared.Droid\Phoneword_Shared.Droid.csproj", "{C7553897-057C-4578-AC9D-AE93CBF61E13}"
EndProject
Global
	GlobalSection(SharedMSBuildProjectFiles) = preSolution
		Phoneword_Shared\Phoneword_Shared\Phoneword_Shared.projitems*{4f530231-a455-41b9-b9fa-7d538b83afff}*SharedItemsImports = 13
		Phoneword_Shared\Phoneword_Shared\Phoneword_Shared.projitems*{2b2d399d-3a8f-46c8-9245-da02c440014a}*SharedItemsImports = 4
		Phoneword_Shared\Phoneword_Shared\Phoneword_Shared.projitems*{cfaf9926-248d-4f7a-8545-c6b69678f92c}*SharedItemsImports = 4
		Phoneword_Shared\Phoneword_Shared\Phoneword_Shared.projitems*{c7553897-057c-4578-ac9d-ae93cbf61e13}*SharedItemsImports = 4
	EndGlobalSection
	GlobalSection(SolutionConfigurationPlatforms) = preSolution
		Ad-Hoc|Any CPU = Ad-Hoc|Any CPU
		Ad-Hoc|ARM = Ad-Hoc|ARM
		Ad-Hoc|iPhone = Ad-Hoc|iPhone
		Ad-Hoc|iPhoneSimulator = Ad-Hoc|iPhoneSimulator
		Ad-Hoc|Mixed Platforms = Ad-Hoc|Mixed Platforms
		Ad-Hoc|x86 = Ad-Hoc|x86
		AppStore|Any CPU = AppStore|Any CPU
		AppStore|ARM = AppStore|ARM
		AppStore|iPhone = AppStore|iPhone
		AppStore|iPhoneSimulator = AppStore|iPhoneSimulator
		AppStore|Mixed Platforms = AppStore|Mixed Platforms
		AppStore|x86 = AppStore|x86
		Debug|Any CPU = Debug|Any CPU
		Debug|ARM = Debug|ARM
		Debug|iPhone = Debug|iPhone
		Debug|iPhoneSimulator = Debug|iPhoneSimulator
		Debug|Mixed Platforms = Debug|Mixed Platforms
		Debug|x86 = Debug|x86
		Release|Any CPU = Release|Any CPU
		Release|ARM = Release|ARM
		Release|iPhone = Release|iPhone
		Release|iPhoneSimulator = Release|iPhoneSimulator
		Release|Mixed Platforms = Release|Mixed Platforms
		Release|x86 = Release|x86
	EndGlobalSection
	GlobalSection(ProjectConfigurationPlatforms) = postSolution
		{2B2D399D-3A8F-46C8-9245-DA02C440014A}.Ad-Hoc|Any CPU.ActiveCfg = Release|Any CPU
		{2B2D399D-3A8F-46C8-9245-DA02C440014A}.Ad-Hoc|Any CPU.Build.0 = Release|Any CPU
		{2B2D399D-3A8F-46C8-9245-DA02C440014A}.Ad-Hoc|Any CPU.Deploy.0 = Release|Any CPU
		{2B2D399D-3A8F-46C8-9245-DA02C440014A}.Ad-Hoc|ARM.ActiveCfg = Release|ARM
		{2B2D399D-3A8F-46C8-9245-DA02C440014A}.Ad-Hoc|ARM.Build.0 = Release|ARM
		{2B2D399D-3A8F-46C8-9245-DA02C440014A}.Ad-Hoc|ARM.Deploy.0 = Release|ARM
		{2B2D399D-3A8F-46C8-9245-DA02C440014A}.Ad-Hoc|iPhone.ActiveCfg = Release|Any CPU
		{2B2D399D-3A8F-46C8-9245-DA02C440014A}.Ad-Hoc|iPhoneSimulator.ActiveCfg = Release|Any CPU
		{2B2D399D-3A8F-46C8-9245-DA02C440014A}.Ad-Hoc|Mixed Platforms.ActiveCfg = Release|x86
		{2B2D399D-3A8F-46C8-9245-DA02C440014A}.Ad-Hoc|Mixed Platforms.Build.0 = Release|x86
		{2B2D399D-3A8F-46C8-9245-DA02C440014A}.Ad-Hoc|Mixed Platforms.Deploy.0 = Release|x86
		{2B2D399D-3A8F-46C8-9245-DA02C440014A}.Ad-Hoc|x86.ActiveCfg = Release|x86
		{2B2D399D-3A8F-46C8-9245-DA02C440014A}.Ad-Hoc|x86.Build.0 = Release|x86
		{2B2D399D-3A8F-46C8-9245-DA02C440014A}.Ad-Hoc|x86.Deploy.0 = Release|x86
		{2B2D399D-3A8F-46C8-9245-DA02C440014A}.AppStore|Any CPU.ActiveCfg = Release|Any CPU
		{2B2D399D-3A8F-46C8-9245-DA02C440014A}.AppStore|Any CPU.Build.0 = Release|Any CPU
		{2B2D399D-3A8F-46C8-9245-DA02C440014A}.AppStore|Any CPU.Deploy.0 = Release|Any CPU
		{2B2D399D-3A8F-46C8-9245-DA02C440014A}.AppStore|ARM.ActiveCfg = Release|ARM
		{2B2D399D-3A8F-46C8-9245-DA02C440014A}.AppStore|ARM.Build.0 = Release|ARM
		{2B2D399D-3A8F-46C8-9245-DA02C440014A}.AppStore|ARM.Deploy.0 = Release|ARM
		{2B2D399D-3A8F-46C8-9245-DA02C440014A}.AppStore|iPhone.ActiveCfg = Release|Any CPU
		{2B2D399D-3A8F-46C8-9245-DA02C440014A}.AppStore|iPhoneSimulator.ActiveCfg = Release|Any CPU
		{2B2D399D-3A8F-46C8-9245-DA02C440014A}.AppStore|Mixed Platforms.ActiveCfg = Release|x86
		{2B2D399D-3A8F-46C8-9245-DA02C440014A}.AppStore|Mixed Platforms.Build.0 = Release|x86
		{2B2D399D-3A8F-46C8-9245-DA02C440014A}.AppStore|Mixed Platforms.Deploy.0 = Release|x86
		{2B2D399D-3A8F-46C8-9245-DA02C440014A}.AppStore|x86.ActiveCfg = Release|x86
		{2B2D399D-3A8F-46C8-9245-DA02C440014A}.AppStore|x86.Build.0 = Release|x86
		{2B2D399D-3A8F-46C8-9245-DA02C440014A}.AppStore|x86.Deploy.0 = Release|x86
		{2B2D399D-3A8F-46C8-9245-DA02C440014A}.Debug|Any CPU.ActiveCfg = Debug|Any CPU
		{2B2D399D-3A8F-46C8-9245-DA02C440014A}.Debug|Any CPU.Build.0 = Debug|Any CPU
		{2B2D399D-3A8F-46C8-9245-DA02C440014A}.Debug|Any CPU.Deploy.0 = Debug|Any CPU
		{2B2D399D-3A8F-46C8-9245-DA02C440014A}.Debug|ARM.ActiveCfg = Debug|ARM
		{2B2D399D-3A8F-46C8-9245-DA02C440014A}.Debug|ARM.Build.0 = Debug|ARM
		{2B2D399D-3A8F-46C8-9245-DA02C440014A}.Debug|ARM.Deploy.0 = Debug|ARM
		{2B2D399D-3A8F-46C8-9245-DA02C440014A}.Debug|iPhone.ActiveCfg = Debug|Any CPU
		{2B2D399D-3A8F-46C8-9245-DA02C440014A}.Debug|iPhoneSimulator.ActiveCfg = Debug|Any CPU
		{2B2D399D-3A8F-46C8-9245-DA02C440014A}.Debug|Mixed Platforms.ActiveCfg = Debug|x86
		{2B2D399D-3A8F-46C8-9245-DA02C440014A}.Debug|Mixed Platforms.Build.0 = Debug|x86
		{2B2D399D-3A8F-46C8-9245-DA02C440014A}.Debug|Mixed Platforms.Deploy.0 = Debug|x86
		{2B2D399D-3A8F-46C8-9245-DA02C440014A}.Debug|x86.ActiveCfg = Debug|x86
		{2B2D399D-3A8F-46C8-9245-DA02C440014A}.Debug|x86.Build.0 = Debug|x86
		{2B2D399D-3A8F-46C8-9245-DA02C440014A}.Debug|x86.Deploy.0 = Debug|x86
		{2B2D399D-3A8F-46C8-9245-DA02C440014A}.Release|Any CPU.ActiveCfg = Release|Any CPU
		{2B2D399D-3A8F-46C8-9245-DA02C440014A}.Release|Any CPU.Build.0 = Release|Any CPU
		{2B2D399D-3A8F-46C8-9245-DA02C440014A}.Release|Any CPU.Deploy.0 = Release|Any CPU
		{2B2D399D-3A8F-46C8-9245-DA02C440014A}.Release|ARM.ActiveCfg = Release|ARM
		{2B2D399D-3A8F-46C8-9245-DA02C440014A}.Release|ARM.Build.0 = Release|ARM
		{2B2D399D-3A8F-46C8-9245-DA02C440014A}.Release|ARM.Deploy.0 = Release|ARM
		{2B2D399D-3A8F-46C8-9245-DA02C440014A}.Release|iPhone.ActiveCfg = Release|Any CPU
		{2B2D399D-3A8F-46C8-9245-DA02C440014A}.Release|iPhoneSimulator.ActiveCfg = Release|Any CPU
		{2B2D399D-3A8F-46C8-9245-DA02C440014A}.Release|Mixed Platforms.ActiveCfg = Release|x86
		{2B2D399D-3A8F-46C8-9245-DA02C440014A}.Release|Mixed Platforms.Build.0 = Release|x86
		{2B2D399D-3A8F-46C8-9245-DA02C440014A}.Release|Mixed Platforms.Deploy.0 = Release|x86
		{2B2D399D-3A8F-46C8-9245-DA02C440014A}.Release|x86.ActiveCfg = Release|x86
		{2B2D399D-3A8F-46C8-9245-DA02C440014A}.Release|x86.Build.0 = Release|x86
		{2B2D399D-3A8F-46C8-9245-DA02C440014A}.Release|x86.Deploy.0 = Release|x86
		{CFAF9926-248D-4F7A-8545-C6B69678F92C}.Ad-Hoc|Any CPU.ActiveCfg = Ad-Hoc|iPhone
		{CFAF9926-248D-4F7A-8545-C6B69678F92C}.Ad-Hoc|ARM.ActiveCfg = Ad-Hoc|iPhone
		{CFAF9926-248D-4F7A-8545-C6B69678F92C}.Ad-Hoc|iPhone.ActiveCfg = Ad-Hoc|iPhone
		{CFAF9926-248D-4F7A-8545-C6B69678F92C}.Ad-Hoc|iPhone.Build.0 = Ad-Hoc|iPhone
		{CFAF9926-248D-4F7A-8545-C6B69678F92C}.Ad-Hoc|iPhoneSimulator.ActiveCfg = Ad-Hoc|iPhoneSimulator
		{CFAF9926-248D-4F7A-8545-C6B69678F92C}.Ad-Hoc|iPhoneSimulator.Build.0 = Ad-Hoc|iPhoneSimulator
		{CFAF9926-248D-4F7A-8545-C6B69678F92C}.Ad-Hoc|Mixed Platforms.ActiveCfg = Ad-Hoc|iPhone
		{CFAF9926-248D-4F7A-8545-C6B69678F92C}.Ad-Hoc|Mixed Platforms.Build.0 = Ad-Hoc|iPhone
		{CFAF9926-248D-4F7A-8545-C6B69678F92C}.Ad-Hoc|x86.ActiveCfg = Ad-Hoc|iPhone
		{CFAF9926-248D-4F7A-8545-C6B69678F92C}.AppStore|Any CPU.ActiveCfg = AppStore|iPhone
		{CFAF9926-248D-4F7A-8545-C6B69678F92C}.AppStore|ARM.ActiveCfg = AppStore|iPhone
		{CFAF9926-248D-4F7A-8545-C6B69678F92C}.AppStore|iPhone.ActiveCfg = AppStore|iPhone
		{CFAF9926-248D-4F7A-8545-C6B69678F92C}.AppStore|iPhone.Build.0 = AppStore|iPhone
		{CFAF9926-248D-4F7A-8545-C6B69678F92C}.AppStore|iPhoneSimulator.ActiveCfg = AppStore|iPhoneSimulator
		{CFAF9926-248D-4F7A-8545-C6B69678F92C}.AppStore|iPhoneSimulator.Build.0 = AppStore|iPhoneSimulator
		{CFAF9926-248D-4F7A-8545-C6B69678F92C}.AppStore|Mixed Platforms.ActiveCfg = AppStore|iPhone
		{CFAF9926-248D-4F7A-8545-C6B69678F92C}.AppStore|Mixed Platforms.Build.0 = AppStore|iPhone
		{CFAF9926-248D-4F7A-8545-C6B69678F92C}.AppStore|x86.ActiveCfg = AppStore|iPhone
		{CFAF9926-248D-4F7A-8545-C6B69678F92C}.Debug|Any CPU.ActiveCfg = Debug|iPhone
		{CFAF9926-248D-4F7A-8545-C6B69678F92C}.Debug|ARM.ActiveCfg = Debug|iPhone
		{CFAF9926-248D-4F7A-8545-C6B69678F92C}.Debug|iPhone.ActiveCfg = Debug|iPhone
		{CFAF9926-248D-4F7A-8545-C6B69678F92C}.Debug|iPhone.Build.0 = Debug|iPhone
		{CFAF9926-248D-4F7A-8545-C6B69678F92C}.Debug|iPhoneSimulator.ActiveCfg = Debug|iPhoneSimulator
		{CFAF9926-248D-4F7A-8545-C6B69678F92C}.Debug|iPhoneSimulator.Build.0 = Debug|iPhoneSimulator
		{CFAF9926-248D-4F7A-8545-C6B69678F92C}.Debug|Mixed Platforms.ActiveCfg = Debug|iPhone
		{CFAF9926-248D-4F7A-8545-C6B69678F92C}.Debug|Mixed Platforms.Build.0 = Debug|iPhone
		{CFAF9926-248D-4F7A-8545-C6B69678F92C}.Debug|x86.ActiveCfg = Debug|iPhone
		{CFAF9926-248D-4F7A-8545-C6B69678F92C}.Release|Any CPU.ActiveCfg = Release|iPhone
		{CFAF9926-248D-4F7A-8545-C6B69678F92C}.Release|ARM.ActiveCfg = Release|iPhone
		{CFAF9926-248D-4F7A-8545-C6B69678F92C}.Release|iPhone.ActiveCfg = Release|iPhone
		{CFAF9926-248D-4F7A-8545-C6B69678F92C}.Release|iPhone.Build.0 = Release|iPhone
		{CFAF9926-248D-4F7A-8545-C6B69678F92C}.Release|iPhoneSimulator.ActiveCfg = Release|iPhoneSimulator
		{CFAF9926-248D-4F7A-8545-C6B69678F92C}.Release|iPhoneSimulator.Build.0 = Release|iPhoneSimulator
		{CFAF9926-248D-4F7A-8545-C6B69678F92C}.Release|Mixed Platforms.ActiveCfg = Release|iPhone
		{CFAF9926-248D-4F7A-8545-C6B69678F92C}.Release|Mixed Platforms.Build.0 = Release|iPhone
		{CFAF9926-248D-4F7A-8545-C6B69678F92C}.Release|x86.ActiveCfg = Release|iPhone
		{C7553897-057C-4578-AC9D-AE93CBF61E13}.Ad-Hoc|Any CPU.ActiveCfg = Release|Any CPU
		{C7553897-057C-4578-AC9D-AE93CBF61E13}.Ad-Hoc|Any CPU.Build.0 = Release|Any CPU
		{C7553897-057C-4578-AC9D-AE93CBF61E13}.Ad-Hoc|Any CPU.Deploy.0 = Release|Any CPU
		{C7553897-057C-4578-AC9D-AE93CBF61E13}.Ad-Hoc|ARM.ActiveCfg = Release|Any CPU
		{C7553897-057C-4578-AC9D-AE93CBF61E13}.Ad-Hoc|iPhone.ActiveCfg = Release|Any CPU
		{C7553897-057C-4578-AC9D-AE93CBF61E13}.Ad-Hoc|iPhoneSimulator.ActiveCfg = Release|Any CPU
		{C7553897-057C-4578-AC9D-AE93CBF61E13}.Ad-Hoc|Mixed Platforms.ActiveCfg = Release|Any CPU
		{C7553897-057C-4578-AC9D-AE93CBF61E13}.Ad-Hoc|Mixed Platforms.Build.0 = Release|Any CPU
		{C7553897-057C-4578-AC9D-AE93CBF61E13}.Ad-Hoc|Mixed Platforms.Deploy.0 = Release|Any CPU
		{C7553897-057C-4578-AC9D-AE93CBF61E13}.Ad-Hoc|x86.ActiveCfg = Release|Any CPU
		{C7553897-057C-4578-AC9D-AE93CBF61E13}.AppStore|Any CPU.ActiveCfg = Release|Any CPU
		{C7553897-057C-4578-AC9D-AE93CBF61E13}.AppStore|Any CPU.Build.0 = Release|Any CPU
		{C7553897-057C-4578-AC9D-AE93CBF61E13}.AppStore|Any CPU.Deploy.0 = Release|Any CPU
		{C7553897-057C-4578-AC9D-AE93CBF61E13}.AppStore|ARM.ActiveCfg = Release|Any CPU
		{C7553897-057C-4578-AC9D-AE93CBF61E13}.AppStore|iPhone.ActiveCfg = Release|Any CPU
		{C7553897-057C-4578-AC9D-AE93CBF61E13}.AppStore|iPhoneSimulator.ActiveCfg = Release|Any CPU
		{C7553897-057C-4578-AC9D-AE93CBF61E13}.AppStore|Mixed Platforms.ActiveCfg = Release|Any CPU
		{C7553897-057C-4578-AC9D-AE93CBF61E13}.AppStore|Mixed Platforms.Build.0 = Release|Any CPU
		{C7553897-057C-4578-AC9D-AE93CBF61E13}.AppStore|Mixed Platforms.Deploy.0 = Release|Any CPU
		{C7553897-057C-4578-AC9D-AE93CBF61E13}.AppStore|x86.ActiveCfg = Release|Any CPU
		{C7553897-057C-4578-AC9D-AE93CBF61E13}.Debug|Any CPU.ActiveCfg = Debug|Any CPU
		{C7553897-057C-4578-AC9D-AE93CBF61E13}.Debug|Any CPU.Build.0 = Debug|Any CPU
		{C7553897-057C-4578-AC9D-AE93CBF61E13}.Debug|Any CPU.Deploy.0 = Debug|Any CPU
		{C7553897-057C-4578-AC9D-AE93CBF61E13}.Debug|ARM.ActiveCfg = Debug|Any CPU
		{C7553897-057C-4578-AC9D-AE93CBF61E13}.Debug|iPhone.ActiveCfg = Debug|Any CPU
		{C7553897-057C-4578-AC9D-AE93CBF61E13}.Debug|iPhoneSimulator.ActiveCfg = Debug|Any CPU
		{C7553897-057C-4578-AC9D-AE93CBF61E13}.Debug|Mixed Platforms.ActiveCfg = Debug|Any CPU
		{C7553897-057C-4578-AC9D-AE93CBF61E13}.Debug|Mixed Platforms.Build.0 = Debug|Any CPU
		{C7553897-057C-4578-AC9D-AE93CBF61E13}.Debug|Mixed Platforms.Deploy.0 = Debug|Any CPU
		{C7553897-057C-4578-AC9D-AE93CBF61E13}.Debug|x86.ActiveCfg = Debug|Any CPU
		{C7553897-057C-4578-AC9D-AE93CBF61E13}.Release|Any CPU.ActiveCfg = Release|Any CPU
		{C7553897-057C-4578-AC9D-AE93CBF61E13}.Release|Any CPU.Build.0 = Release|Any CPU
		{C7553897-057C-4578-AC9D-AE93CBF61E13}.Release|Any CPU.Deploy.0 = Release|Any CPU
		{C7553897-057C-4578-AC9D-AE93CBF61E13}.Release|ARM.ActiveCfg = Release|Any CPU
		{C7553897-057C-4578-AC9D-AE93CBF61E13}.Release|iPhone.ActiveCfg = Release|Any CPU
		{C7553897-057C-4578-AC9D-AE93CBF61E13}.Release|iPhoneSimulator.ActiveCfg = Release|Any CPU
		{C7553897-057C-4578-AC9D-AE93CBF61E13}.Release|Mixed Platforms.ActiveCfg = Release|Any CPU
		{C7553897-057C-4578-AC9D-AE93CBF61E13}.Release|Mixed Platforms.Build.0 = Release|Any CPU
		{C7553897-057C-4578-AC9D-AE93CBF61E13}.Release|Mixed Platforms.Deploy.0 = Release|Any CPU
		{C7553897-057C-4578-AC9D-AE93CBF61E13}.Release|x86.ActiveCfg = Release|Any CPU
	EndGlobalSection
	GlobalSection(SolutionProperties) = preSolution
		HideSolutionNode = FALSE
	EndGlobalSection
EndGlobal
